{
  "name": "miniflux-ai",
  "version": "1.0.0",
  "lockfileVersion": 3,
  "requires": true,
  "packages": {
    "": {
      "name": "miniflux-ai",
      "version": "1.0.0",
      "license": "ISC",
      "dependencies": {
        "cron": "^4.3.3",
        "ollama": "^0.5.13",
        "openai": "^5.23.1",
        "string-strip-html": "^13.4.13"
      },
      "devDependencies": {
        "@types/node": "^24.5.2",
        "typescript": "^5.9.2"
      }
    },
    "node_modules/@types/lodash": {
      "version": "4.17.20",
      "resolved": "https://registry.npmjs.org/@types/lodash/-/lodash-4.17.20.tgz",
      "integrity": "sha512-H3MHACvFUEiujabxhaI/ImO6gUrd8oOurg7LQtS7mbwIXA/cUqWrvBsaeJ23aZEPk1TAYkurjfMbSELfoCXlGA==",
      "license": "MIT"
    },
    "node_modules/@types/lodash-es": {
      "version": "4.17.12",
      "resolved": "https://registry.npmjs.org/@types/lodash-es/-/lodash-es-4.17.12.tgz",
      "integrity": "sha512-0NgftHUcV4v34VhXm8QBSftKVXtbkBG3ViCjs6+eJ5a6y6Mi/jiFGPc1sC7QK+9BFhWrURE3EOggmWaSxL9OzQ==",
      "license": "MIT",
      "dependencies": {
        "@types/lodash": "*"
      }
    },
    "node_modules/@types/luxon": {
      "version": "3.7.1",
      "resolved": "https://registry.npmjs.org/@types/luxon/-/luxon-3.7.1.tgz",
      "integrity": "sha512-H3iskjFIAn5SlJU7OuxUmTEpebK6TKB8rxZShDslBMZJ5u9S//KM1sbdAisiSrqwLQncVjnpi2OK2J51h+4lsg==",
      "license": "MIT"
    },
    "node_modules/@types/node": {
      "version": "24.5.2",
      "resolved": "https://registry.npmjs.org/@types/node/-/node-24.5.2.tgz",
      "integrity": "sha512-FYxk1I7wPv3K2XBaoyH2cTnocQEu8AOZ60hPbsyukMPLv5/5qr7V1i8PLHdl6Zf87I+xZXFvPCXYjiTFq+YSDQ==",
      "dev": true,
      "license": "MIT",
      "dependencies": {
        "undici-types": "~7.12.0"
      }
    },
    "node_modules/codsen-utils": {
      "version": "1.6.8",
      "resolved": "https://registry.npmjs.org/codsen-utils/-/codsen-utils-1.6.8.tgz",
      "integrity": "sha512-8GESpsIuEsprHKuTWen1KO221gxyA+PDUXSZq0ywo5G5IcqmPtqTOw5BAljQUz2GdOe8TcWcH896qYb8gdxHFA==",
      "license": "MIT",
      "dependencies": {
        "rfdc": "^1.4.1"
      },
      "engines": {
        "node": ">=14.18.0"
      }
    },
    "node_modules/cron": {
      "version": "4.3.3",
      "resolved": "https://registry.npmjs.org/cron/-/cron-4.3.3.tgz",
      "integrity": "sha512-B/CJj5yL3sjtlun6RtYHvoSB26EmQ2NUmhq9ZiJSyKIM4K/fqfh9aelDFlIayD2YMeFZqWLi9hHV+c+pq2Djkw==",
      "license": "MIT",
      "dependencies": {
        "@types/luxon": "~3.7.0",
        "luxon": "~3.7.0"
      },
      "engines": {
        "node": ">=18.x"
      }
    },
    "node_modules/html-entities": {
      "version": "2.6.0",
      "resolved": "https://registry.npmjs.org/html-entities/-/html-entities-2.6.0.tgz",
      "integrity": "sha512-kig+rMn/QOVRvr7c86gQ8lWXq+Hkv6CbAH1hLu+RG338StTpE8Z0b44SDVaqVu7HGKf27frdmUYEs9hTUX/cLQ==",
      "funding": [
        {
          "type": "github",
          "url": "https://github.com/sponsors/mdevils"
        },
        {
          "type": "patreon",
          "url": "https://patreon.com/mdevils"
        }
      ],
      "license": "MIT"
    },
    "node_modules/lodash-es": {
      "version": "4.17.21",
      "resolved": "https://registry.npmjs.org/lodash-es/-/lodash-es-4.17.21.tgz",
      "integrity": "sha512-mKnC+QJ9pWVzv+C4/U3rRsHapFfHvQFoFB92e52xeyGMcX6/OlIl78je1u8vePzYZSkkogMPJ2yjxxsb89cxyw==",
      "license": "MIT"
    },
    "node_modules/luxon": {
      "version": "3.7.2",
      "resolved": "https://registry.npmjs.org/luxon/-/luxon-3.7.2.tgz",
      "integrity": "sha512-vtEhXh/gNjI9Yg1u4jX/0YVPMvxzHuGgCm6tC5kZyb08yjGWGnqAjGJvcXbqQR2P3MyMEFnRbpcdFS6PBcLqew==",
      "license": "MIT",
      "engines": {
        "node": ">=12"
      }
    },
    "node_modules/ollama": {
      "version": "0.5.18",
      "resolved": "https://registry.npmjs.org/ollama/-/ollama-0.5.18.tgz",
      "integrity": "sha512-lTFqTf9bo7Cd3hpF6CviBe/DEhewjoZYd9N/uCe7O20qYTvGqrNOFOBDj3lbZgFWHUgDv5EeyusYxsZSLS8nvg==",
      "license": "MIT",
      "dependencies": {
        "whatwg-fetch": "^3.6.20"
      }
    },
    "node_modules/openai": {
      "version": "5.23.1",
      "resolved": "https://registry.npmjs.org/openai/-/openai-5.23.1.tgz",
      "integrity": "sha512-APxMtm5mln4jhKhAr0d5zP9lNsClx4QwJtg8RUvYSSyxYCTHLNJnLEcSHbJ6t0ori8Pbr9HZGfcPJ7LEy73rvQ==",
      "license": "Apache-2.0",
      "bin": {
        "openai": "bin/cli"
      },
      "peerDependencies": {
        "ws": "^8.18.0",
        "zod": "^3.23.8"
      },
      "peerDependenciesMeta": {
        "ws": {
          "optional": true
        },
        "zod": {
          "optional": true
        }
      }
    },
    "node_modules/ranges-apply": {
      "version": "7.0.20",
      "resolved": "https://registry.npmjs.org/ranges-apply/-/ranges-apply-7.0.20.tgz",
      "integrity": "sha512-AaJ+RbX+w/qw7LUA2NbMMwUnpJico4aJ22zVl5hxQDlmfEXSv/TjjL96u1u0cmlNBY38aQ0kPHH0bHN5o68l9A==",
      "license": "MIT",
      "dependencies": {
        "ranges-merge": "^9.0.19",
        "tiny-invariant": "^1.3.3"
      },
      "engines": {
        "node": ">=14.18.0"
      }
    },
    "node_modules/ranges-merge": {
      "version": "9.0.19",
      "resolved": "https://registry.npmjs.org/ranges-merge/-/ranges-merge-9.0.19.tgz",
      "integrity": "sha512-8RA9LXv6n+2bZcfcIQSYkETerJZXE3hPo0LSCmq5BBFTkw2WT8CxM4Tu9QaCD0fT4Yb7DM45gzl3tOksFrXLsA==",
      "license": "MIT",
      "dependencies": {
        "ranges-push": "^7.0.19",
        "ranges-sort": "^6.0.14"
      },
      "engines": {
        "node": ">=14.18.0"
      }
    },
    "node_modules/ranges-push": {
      "version": "7.0.19",
      "resolved": "https://registry.npmjs.org/ranges-push/-/ranges-push-7.0.19.tgz",
      "integrity": "sha512-WJZHju2Unc9FXWFUAE6t+MWdY02Rtxuj/FZf4Q+JEQs60ygbo+4BYwgE29ldEkPwmKBItHqwqPNnif7KxMS80g==",
      "license": "MIT",
      "dependencies": {
        "codsen-utils": "^1.6.8",
        "ranges-sort": "^6.0.14",
        "string-collapse-leading-whitespace": "^7.0.9",
        "string-trim-spaces-only": "^5.0.13"
      },
      "engines": {
        "node": ">=14.18.0"
      }
    },
    "node_modules/ranges-sort": {
      "version": "6.0.14",
      "resolved": "https://registry.npmjs.org/ranges-sort/-/ranges-sort-6.0.14.tgz",
      "integrity": "sha512-ztTG7KAMZ72FAbKLG2GpLavnD+89c6KqeCl1C5lTyvKRFjFd5CbnM1wf3fe/o+7hV2PNiDx2mZ9EtCtPIfk7gw==",
      "license": "MIT",
      "engines": {
        "node": ">=14.18.0"
      }
    },
    "node_modules/rfdc": {
      "version": "1.4.1",
      "resolved": "https://registry.npmjs.org/rfdc/-/rfdc-1.4.1.tgz",
      "integrity": "sha512-q1b3N5QkRUWUl7iyylaaj3kOpIT0N2i9MqIEQXP73GVsN9cw3fdx8X63cEmWhJGi2PPCF23Ijp7ktmd39rawIA==",
      "license": "MIT"
    },
    "node_modules/string-collapse-leading-whitespace": {
      "version": "7.0.9",
      "resolved": "https://registry.npmjs.org/string-collapse-leading-whitespace/-/string-collapse-leading-whitespace-7.0.9.tgz",
      "integrity": "sha512-lEuTHlogBT9PWipfk0FOyvoMKX8syiE03QoFk5MDh8oS0AJ2C07IlstR5cGkxz48nKkOIuvkC28w9Rx/cVRNDg==",
      "license": "MIT",
      "engines": {
        "node": ">=14.18.0"
      }
    },
    "node_modules/string-left-right": {
      "version": "6.0.21",
      "resolved": "https://registry.npmjs.org/string-left-right/-/string-left-right-6.0.21.tgz",
      "integrity": "sha512-XmtL81F4iSCkKHzUz6KyqSTnh2ef3kccQtyAtqyHYv22Q6qOKS6CvOwEFY5nBTXc3WskfZCTM6ArOGJgFh3tDA==",
      "license": "MIT",
      "dependencies": {
        "codsen-utils": "^1.6.8",
        "rfdc": "^1.4.1"
      },
      "engines": {
        "node": ">=14.18.0"
      }
    },
    "node_modules/string-strip-html": {
      "version": "13.4.13",
      "resolved": "https://registry.npmjs.org/string-strip-html/-/string-strip-html-13.4.13.tgz",
      "integrity": "sha512-bth9qxlu/ZEJsy0MMlnrHYxtgW8VOvmhLMpcLh1oV5U0I3h4wBvHBTnZpB4o/V4/UepGNlaazdXS47C0WqyxFA==",
      "license": "MIT",
      "dependencies": {
        "@types/lodash-es": "^4.17.12",
        "codsen-utils": "^1.6.8",
        "html-entities": "^2.6.0",
        "lodash-es": "^4.17.21",
        "ranges-apply": "^7.0.20",
        "ranges-push": "^7.0.19",
        "string-left-right": "^6.0.21"
      },
      "engines": {
        "node": ">=14.18.0"
      }
    },
    "node_modules/string-trim-spaces-only": {
      "version": "5.0.13",
      "resolved": "https://registry.npmjs.org/string-trim-spaces-only/-/string-trim-spaces-only-5.0.13.tgz",
      "integrity": "sha512-NGYfr+ZPkE8OKvrkEysuHPhgPifpe6fd0NfdXUlLVykaZxBDuNW+Ln2ja9dvaWlC69vqh6ZbEbOLbfiEDgomCQ==",
      "license": "MIT",
      "engines": {
        "node": ">=14.18.0"
      }
    },
    "node_modules/tiny-invariant": {
      "version": "1.3.3",
      "resolved": "https://registry.npmjs.org/tiny-invariant/-/tiny-invariant-1.3.3.tgz",
      "integrity": "sha512-+FbBPE1o9QAYvviau/qC5SE3caw21q3xkvWKBtja5vgqOWIHHJ3ioaq1VPfn/Szqctz2bU/oYeKd9/z5BL+PVg==",
      "license": "MIT"
    },
    "node_modules/typescript": {
      "version": "5.9.2",
      "resolved": "https://registry.npmjs.org/typescript/-/typescript-5.9.2.tgz",
      "integrity": "sha512-CWBzXQrc/qOkhidw1OzBTQuYRbfyxDXJMVJ1XNwUHGROVmuaeiEm3OslpZ1RV96d7SKKjZKrSJu3+t/xlw3R9A==",
      "dev": true,
      "license": "Apache-2.0",
      "bin": {
        "tsc": "bin/tsc",
        "tsserver": "bin/tsserver"
      },
      "engines": {
        "node": ">=14.17"
      }
    },
    "node_modules/undici-types": {
      "version": "7.12.0",
      "resolved": "https://registry.npmjs.org/undici-types/-/undici-types-7.12.0.tgz",
      "integrity": "sha512-goOacqME2GYyOZZfb5Lgtu+1IDmAlAEu5xnD3+xTzS10hT0vzpf0SPjkXwAw9Jm+4n/mQGDP3LO8CPbYROeBfQ==",
      "dev": true,
      "license": "MIT"
    },
    "node_modules/whatwg-fetch": {
      "version": "3.6.20",
      "resolved": "https://registry.npmjs.org/whatwg-fetch/-/whatwg-fetch-3.6.20.tgz",
      "integrity": "sha512-EqhiFU6daOA8kpjOWTL0olhVOF3i7OrFzSYiGsEMB8GcXS+RrzauAERX65xMeNWVqxA6HXH2m69Z9LaKKdisfg==",
      "license": "MIT"
    }
  }
}
